
Microsoft Visual Studio Solution File, Format Version 12.00
# Visual Studio Version 16
VisualStudioVersion = 16.0.31729.503
MinimumVisualStudioVersion = 10.0.40219.1
Project("{9A19103F-16F7-4668-BE54-9A1E7A4F7556}") = "APIGateway", "APIGateway\APIGateway.csproj", "{703A77B6-2D39-4DFB-AEED-407795B44A68}"
EndProject
Project("{2150E333-8FDC-42A3-9474-1A3956D46DE8}") = "Services", "Services", "{7F535067-B6EA-4AC8-B373-E013C5B9AA39}"
EndProject
Project("{9A19103F-16F7-4668-BE54-9A1E7A4F7556}") = "Math.API", "Services\MathAPI\Math.API\Math.API.csproj", "{66C8AB1F-5798-456A-B440-94BF782305DF}"
EndProject
Project("{9A19103F-16F7-4668-BE54-9A1E7A4F7556}") = "String.API", "Services\StringAPI\String.API\String.API.csproj", "{909EFEA2-2DC4-4B2F-B1AE-1DEB0384D05F}"
EndProject
Project("{2150E333-8FDC-42A3-9474-1A3956D46DE8}") = "MathAPI", "MathAPI", "{CEBB6C1C-BC34-4C39-B347-5E06D223A2BE}"
EndProject
Project("{2150E333-8FDC-42A3-9474-1A3956D46DE8}") = "StringAPI", "StringAPI", "{36501148-2B0B-4502-8E8F-CF45E8E6325C}"
EndProject
Project("{FAE04EC0-301F-11D3-BF4B-00C04F79EFBC}") = "MathAPI.Infrastructure", "Services\MathAPI\MathAPI.Infrastructure\MathAPI.Infrastructure.csproj", "{041E43CA-ADCB-4C02-91EF-F9F12E1E7F07}"
EndProject
Project("{FAE04EC0-301F-11D3-BF4B-00C04F79EFBC}") = "MathAPI.Models", "Services\MathAPI\MathAPI.Models\MathAPI.Models.csproj", "{4934981D-A0BC-45AB-B2FB-FE2179D7FD32}"
EndProject
Project("{FAE04EC0-301F-11D3-BF4B-00C04F79EFBC}") = "MathAPI.Services", "Services\MathAPI\MathAPI.Services\MathAPI.Services.csproj", "{2C0946E9-0F02-4FB6-9A2A-E0EC30190EA6}"
EndProject
Project("{FAE04EC0-301F-11D3-BF4B-00C04F79EFBC}") = "StringAPI.Infrastructure", "Services\StringAPI\StringAPI.Infrastructure\StringAPI.Infrastructure.csproj", "{AC8001D4-F78C-49AB-A2C8-FF9EDF92F67E}"
EndProject
Project("{FAE04EC0-301F-11D3-BF4B-00C04F79EFBC}") = "StringAPI.Models", "Services\StringAPI\StringAPI.Models\StringAPI.Models.csproj", "{A5101C76-1723-4850-8EFC-94D254BF2057}"
EndProject
Project("{FAE04EC0-301F-11D3-BF4B-00C04F79EFBC}") = "StringAPI.Services", "Services\StringAPI\StringAPI.Services\StringAPI.Services.csproj", "{261DFB49-5928-4C81-8EE9-CFEF2AE466D3}"
EndProject
Global
	GlobalSection(SolutionConfigurationPlatforms) = preSolution
		Debug|Any CPU = Debug|Any CPU
		Release|Any CPU = Release|Any CPU
	EndGlobalSection
	GlobalSection(ProjectConfigurationPlatforms) = postSolution
		{703A77B6-2D39-4DFB-AEED-407795B44A68}.Debug|Any CPU.ActiveCfg = Debug|Any CPU
		{703A77B6-2D39-4DFB-AEED-407795B44A68}.Debug|Any CPU.Build.0 = Debug|Any CPU
		{703A77B6-2D39-4DFB-AEED-407795B44A68}.Release|Any CPU.ActiveCfg = Release|Any CPU
		{703A77B6-2D39-4DFB-AEED-407795B44A68}.Release|Any CPU.Build.0 = Release|Any CPU
		{66C8AB1F-5798-456A-B440-94BF782305DF}.Debug|Any CPU.ActiveCfg = Debug|Any CPU
		{66C8AB1F-5798-456A-B440-94BF782305DF}.Debug|Any CPU.Build.0 = Debug|Any CPU
		{66C8AB1F-5798-456A-B440-94BF782305DF}.Release|Any CPU.ActiveCfg = Release|Any CPU
		{66C8AB1F-5798-456A-B440-94BF782305DF}.Release|Any CPU.Build.0 = Release|Any CPU
		{909EFEA2-2DC4-4B2F-B1AE-1DEB0384D05F}.Debug|Any CPU.ActiveCfg = Debug|Any CPU
		{909EFEA2-2DC4-4B2F-B1AE-1DEB0384D05F}.Debug|Any CPU.Build.0 = Debug|Any CPU
		{909EFEA2-2DC4-4B2F-B1AE-1DEB0384D05F}.Release|Any CPU.ActiveCfg = Release|Any CPU
		{909EFEA2-2DC4-4B2F-B1AE-1DEB0384D05F}.Release|Any CPU.Build.0 = Release|Any CPU
		{041E43CA-ADCB-4C02-91EF-F9F12E1E7F07}.Debug|Any CPU.ActiveCfg = Debug|Any CPU
		{041E43CA-ADCB-4C02-91EF-F9F12E1E7F07}.Debug|Any CPU.Build.0 = Debug|Any CPU
		{041E43CA-ADCB-4C02-91EF-F9F12E1E7F07}.Release|Any CPU.ActiveCfg = Release|Any CPU
		{041E43CA-ADCB-4C02-91EF-F9F12E1E7F07}.Release|Any CPU.Build.0 = Release|Any CPU
		{4934981D-A0BC-45AB-B2FB-FE2179D7FD32}.Debug|Any CPU.ActiveCfg = Debug|Any CPU
		{4934981D-A0BC-45AB-B2FB-FE2179D7FD32}.Debug|Any CPU.Build.0 = Debug|Any CPU
		{4934981D-A0BC-45AB-B2FB-FE2179D7FD32}.Release|Any CPU.ActiveCfg = Release|Any CPU
		{4934981D-A0BC-45AB-B2FB-FE2179D7FD32}.Release|Any CPU.Build.0 = Release|Any CPU
		{2C0946E9-0F02-4FB6-9A2A-E0EC30190EA6}.Debug|Any CPU.ActiveCfg = Debug|Any CPU
		{2C0946E9-0F02-4FB6-9A2A-E0EC30190EA6}.Debug|Any CPU.Build.0 = Debug|Any CPU
		{2C0946E9-0F02-4FB6-9A2A-E0EC30190EA6}.Release|Any CPU.ActiveCfg = Release|Any CPU
		{2C0946E9-0F02-4FB6-9A2A-E0EC30190EA6}.Release|Any CPU.Build.0 = Release|Any CPU
		{AC8001D4-F78C-49AB-A2C8-FF9EDF92F67E}.Debug|Any CPU.ActiveCfg = Debug|Any CPU
		{AC8001D4-F78C-49AB-A2C8-FF9EDF92F67E}.Debug|Any CPU.Build.0 = Debug|Any CPU
		{AC8001D4-F78C-49AB-A2C8-FF9EDF92F67E}.Release|Any CPU.ActiveCfg = Release|Any CPU
		{AC8001D4-F78C-49AB-A2C8-FF9EDF92F67E}.Release|Any CPU.Build.0 = Release|Any CPU
		{A5101C76-1723-4850-8EFC-94D254BF2057}.Debug|Any CPU.ActiveCfg = Debug|Any CPU
		{A5101C76-1723-4850-8EFC-94D254BF2057}.Debug|Any CPU.Build.0 = Debug|Any CPU
		{A5101C76-1723-4850-8EFC-94D254BF2057}.Release|Any CPU.ActiveCfg = Release|Any CPU
		{A5101C76-1723-4850-8EFC-94D254BF2057}.Release|Any CPU.Build.0 = Release|Any CPU
		{261DFB49-5928-4C81-8EE9-CFEF2AE466D3}.Debug|Any CPU.ActiveCfg = Debug|Any CPU
		{261DFB49-5928-4C81-8EE9-CFEF2AE466D3}.Debug|Any CPU.Build.0 = Debug|Any CPU
		{261DFB49-5928-4C81-8EE9-CFEF2AE466D3}.Release|Any CPU.ActiveCfg = Release|Any CPU
		{261DFB49-5928-4C81-8EE9-CFEF2AE466D3}.Release|Any CPU.Build.0 = Release|Any CPU
	EndGlobalSection
	GlobalSection(SolutionProperties) = preSolution
		HideSolutionNode = FALSE
	EndGlobalSection
	GlobalSection(NestedProjects) = preSolution
		{66C8AB1F-5798-456A-B440-94BF782305DF} = {CEBB6C1C-BC34-4C39-B347-5E06D223A2BE}
		{909EFEA2-2DC4-4B2F-B1AE-1DEB0384D05F} = {36501148-2B0B-4502-8E8F-CF45E8E6325C}
		{CEBB6C1C-BC34-4C39-B347-5E06D223A2BE} = {7F535067-B6EA-4AC8-B373-E013C5B9AA39}
		{36501148-2B0B-4502-8E8F-CF45E8E6325C} = {7F535067-B6EA-4AC8-B373-E013C5B9AA39}
		{041E43CA-ADCB-4C02-91EF-F9F12E1E7F07} = {CEBB6C1C-BC34-4C39-B347-5E06D223A2BE}
		{4934981D-A0BC-45AB-B2FB-FE2179D7FD32} = {CEBB6C1C-BC34-4C39-B347-5E06D223A2BE}
		{2C0946E9-0F02-4FB6-9A2A-E0EC30190EA6} = {CEBB6C1C-BC34-4C39-B347-5E06D223A2BE}
		{AC8001D4-F78C-49AB-A2C8-FF9EDF92F67E} = {36501148-2B0B-4502-8E8F-CF45E8E6325C}
		{A5101C76-1723-4850-8EFC-94D254BF2057} = {36501148-2B0B-4502-8E8F-CF45E8E6325C}
		{261DFB49-5928-4C81-8EE9-CFEF2AE466D3} = {36501148-2B0B-4502-8E8F-CF45E8E6325C}
	EndGlobalSection
	GlobalSection(ExtensibilityGlobals) = postSolution
		SolutionGuid = {A97695F2-AB4E-4888-B353-8A9F0DB94837}
	EndGlobalSection
EndGlobal
